
Microsoft Visual Studio Solution File, Format Version 12.00
# Visual Studio Version 17
VisualStudioVersion = 17.2.32526.322
MinimumVisualStudioVersion = 10.0.40219.1
Project("{9A19103F-16F7-4668-BE54-9A1E7A4F7556}") = "Gravity.SharedKernel", "Gravity.SharedKernel\Gravity.SharedKernel.csproj", "{22ED72D9-7D58-4338-8C3C-B6D37B884283}"
EndProject
Project("{2150E333-8FDC-42A3-9474-1A3956D46DE8}") = "Infrastructures", "Infrastructures", "{2D70AC9C-7D2D-4987-9641-0EC328C8CCE7}"
EndProject
Project("{9A19103F-16F7-4668-BE54-9A1E7A4F7556}") = "Gravity.Infrastructure.Core", "..\..\Infrastructures\Gravity.Infrastructure.Core\Gravity.Infrastructure.Core.csproj", "{7C5756B4-A950-4A3D-BC69-3DD458588B09}"
EndProject
Project("{9A19103F-16F7-4668-BE54-9A1E7A4F7556}") = "Gravity.Infrastructure.Helper", "..\..\Infrastructures\Gravity.Infrastructure.Helper\Gravity.Infrastructure.Helper.csproj", "{240F3482-DFAF-4C66-A317-95B8C46A0928}"
EndProject
Project("{9A19103F-16F7-4668-BE54-9A1E7A4F7556}") = "Gravity.Infrastructure.Mapper", "..\..\Infrastructures\Gravity.Infrastructure.Mapper\Gravity.Infrastructure.Mapper.csproj", "{44CE5C37-C5F4-4A98-AD90-1EC0AEBF037F}"
EndProject
Project("{9A19103F-16F7-4668-BE54-9A1E7A4F7556}") = "Gravity.Infrastructure.Repository", "..\..\Infrastructures\Gravity.Infrastructure.Repository\Gravity.Infrastructure.Repository.csproj", "{BEA59752-117F-4B9D-9DCB-99C0A2C38F43}"
EndProject
Project("{9A19103F-16F7-4668-BE54-9A1E7A4F7556}") = "Gravity.Infrastructure.Repository.Dapper", "..\..\Infrastructures\Gravity.Infrastructure.Repository.Dapper\Gravity.Infrastructure.Repository.Dapper.csproj", "{F40ED8E6-53C0-4CDF-A3A0-851768A9ADDB}"
EndProject
Project("{9A19103F-16F7-4668-BE54-9A1E7A4F7556}") = "Gravity.Infrastructure.Repository.EfCore", "..\..\Infrastructures\Gravity.Infrastructure.Repository.EfCore\Gravity.Infrastructure.Repository.EfCore.csproj", "{32147EED-17D4-47CE-ABEA-07C855291628}"
EndProject
Project("{9A19103F-16F7-4668-BE54-9A1E7A4F7556}") = "Gravity.Infrastructure.Repository.EfCore.MySQL", "..\..\Infrastructures\Gravity.Infrastructure.Repository.EfCore.MySQL\Gravity.Infrastructure.Repository.EfCore.MySQL.csproj", "{2C9C3F59-F45D-4E84-966E-3700BACC5E01}"
EndProject
Global
	GlobalSection(SolutionConfigurationPlatforms) = preSolution
		Debug|Any CPU = Debug|Any CPU
		Release|Any CPU = Release|Any CPU
	EndGlobalSection
	GlobalSection(ProjectConfigurationPlatforms) = postSolution
		{22ED72D9-7D58-4338-8C3C-B6D37B884283}.Debug|Any CPU.ActiveCfg = Debug|Any CPU
		{22ED72D9-7D58-4338-8C3C-B6D37B884283}.Debug|Any CPU.Build.0 = Debug|Any CPU
		{22ED72D9-7D58-4338-8C3C-B6D37B884283}.Release|Any CPU.ActiveCfg = Release|Any CPU
		{22ED72D9-7D58-4338-8C3C-B6D37B884283}.Release|Any CPU.Build.0 = Release|Any CPU
		{7C5756B4-A950-4A3D-BC69-3DD458588B09}.Debug|Any CPU.ActiveCfg = Debug|Any CPU
		{7C5756B4-A950-4A3D-BC69-3DD458588B09}.Debug|Any CPU.Build.0 = Debug|Any CPU
		{7C5756B4-A950-4A3D-BC69-3DD458588B09}.Release|Any CPU.ActiveCfg = Release|Any CPU
		{7C5756B4-A950-4A3D-BC69-3DD458588B09}.Release|Any CPU.Build.0 = Release|Any CPU
		{240F3482-DFAF-4C66-A317-95B8C46A0928}.Debug|Any CPU.ActiveCfg = Debug|Any CPU
		{240F3482-DFAF-4C66-A317-95B8C46A0928}.Debug|Any CPU.Build.0 = Debug|Any CPU
		{240F3482-DFAF-4C66-A317-95B8C46A0928}.Release|Any CPU.ActiveCfg = Release|Any CPU
		{240F3482-DFAF-4C66-A317-95B8C46A0928}.Release|Any CPU.Build.0 = Release|Any CPU
		{44CE5C37-C5F4-4A98-AD90-1EC0AEBF037F}.Debug|Any CPU.ActiveCfg = Debug|Any CPU
		{44CE5C37-C5F4-4A98-AD90-1EC0AEBF037F}.Debug|Any CPU.Build.0 = Debug|Any CPU
		{44CE5C37-C5F4-4A98-AD90-1EC0AEBF037F}.Release|Any CPU.ActiveCfg = Release|Any CPU
		{44CE5C37-C5F4-4A98-AD90-1EC0AEBF037F}.Release|Any CPU.Build.0 = Release|Any CPU
		{BEA59752-117F-4B9D-9DCB-99C0A2C38F43}.Debug|Any CPU.ActiveCfg = Debug|Any CPU
		{BEA59752-117F-4B9D-9DCB-99C0A2C38F43}.Debug|Any CPU.Build.0 = Debug|Any CPU
		{BEA59752-117F-4B9D-9DCB-99C0A2C38F43}.Release|Any CPU.ActiveCfg = Release|Any CPU
		{BEA59752-117F-4B9D-9DCB-99C0A2C38F43}.Release|Any CPU.Build.0 = Release|Any CPU
		{F40ED8E6-53C0-4CDF-A3A0-851768A9ADDB}.Debug|Any CPU.ActiveCfg = Debug|Any CPU
		{F40ED8E6-53C0-4CDF-A3A0-851768A9ADDB}.Debug|Any CPU.Build.0 = Debug|Any CPU
		{F40ED8E6-53C0-4CDF-A3A0-851768A9ADDB}.Release|Any CPU.ActiveCfg = Release|Any CPU
		{F40ED8E6-53C0-4CDF-A3A0-851768A9ADDB}.Release|Any CPU.Build.0 = Release|Any CPU
		{32147EED-17D4-47CE-ABEA-07C855291628}.Debug|Any CPU.ActiveCfg = Debug|Any CPU
		{32147EED-17D4-47CE-ABEA-07C855291628}.Debug|Any CPU.Build.0 = Debug|Any CPU
		{32147EED-17D4-47CE-ABEA-07C855291628}.Release|Any CPU.ActiveCfg = Release|Any CPU
		{32147EED-17D4-47CE-ABEA-07C855291628}.Release|Any CPU.Build.0 = Release|Any CPU
		{2C9C3F59-F45D-4E84-966E-3700BACC5E01}.Debug|Any CPU.ActiveCfg = Debug|Any CPU
		{2C9C3F59-F45D-4E84-966E-3700BACC5E01}.Debug|Any CPU.Build.0 = Debug|Any CPU
		{2C9C3F59-F45D-4E84-966E-3700BACC5E01}.Release|Any CPU.ActiveCfg = Release|Any CPU
		{2C9C3F59-F45D-4E84-966E-3700BACC5E01}.Release|Any CPU.Build.0 = Release|Any CPU
	EndGlobalSection
	GlobalSection(SolutionProperties) = preSolution
		HideSolutionNode = FALSE
	EndGlobalSection
	GlobalSection(NestedProjects) = preSolution
		{7C5756B4-A950-4A3D-BC69-3DD458588B09} = {2D70AC9C-7D2D-4987-9641-0EC328C8CCE7}
		{240F3482-DFAF-4C66-A317-95B8C46A0928} = {2D70AC9C-7D2D-4987-9641-0EC328C8CCE7}
		{44CE5C37-C5F4-4A98-AD90-1EC0AEBF037F} = {2D70AC9C-7D2D-4987-9641-0EC328C8CCE7}
		{BEA59752-117F-4B9D-9DCB-99C0A2C38F43} = {2D70AC9C-7D2D-4987-9641-0EC328C8CCE7}
		{F40ED8E6-53C0-4CDF-A3A0-851768A9ADDB} = {2D70AC9C-7D2D-4987-9641-0EC328C8CCE7}
		{32147EED-17D4-47CE-ABEA-07C855291628} = {2D70AC9C-7D2D-4987-9641-0EC328C8CCE7}
		{2C9C3F59-F45D-4E84-966E-3700BACC5E01} = {2D70AC9C-7D2D-4987-9641-0EC328C8CCE7}
	EndGlobalSection
	GlobalSection(ExtensibilityGlobals) = postSolution
		SolutionGuid = {8747D210-D783-4C72-8513-7E46C1859738}
	EndGlobalSection
EndGlobal
